// !$*UTF8*$!
{
	archiveVersion = 1;
	classes = {
	};
	objectVersion = 77;
	objects = {

/* Begin PBXBuildFile section */
		ECF3234D2F16235C00FD5B9D /* Auth in Frameworks */ = {isa = PBXBuildFile; productRef = ECF3234C2F16235C00FD5B9D /* Auth */; };
		ECF3234F2F16235C00FD5B9D /* Functions in Frameworks */ = {isa = PBXBuildFile; productRef = ECF3234E2F16235C00FD5B9D /* Functions */; };
		ECF323512F16235C00FD5B9D /* PostgREST in Frameworks */ = {isa = PBXBuildFile; productRef = ECF323502F16235C00FD5B9D /* PostgREST */; };
		ECF323532F16235C00FD5B9D /* Realtime in Frameworks */ = {isa = PBXBuildFile; productRef = ECF323522F16235C00FD5B9D /* Realtime */; };
		ECF323552F16235C00FD5B9D /* Storage in Frameworks */ = {isa = PBXBuildFile; productRef = ECF323542F16235C00FD5B9D /* Storage */; };
		ECF323572F16235C00FD5B9D /* Supabase in Frameworks */ = {isa = PBXBuildFile; productRef = ECF323562F16235C00FD5B9D /* Supabase */; };
/* End PBXBuildFile section */

/* Begin PBXContainerItemProxy section */
		ECB6C7DF2F131D88000F1841 /* PBXContainerItemProxy */ = {
			isa = PBXContainerItemProxy;
			containerPortal = ECB6C7C92F131D86000F1841 /* Project object */;
			proxyType = 1;
			remoteGlobalIDString = ECB6C7D02F131D86000F1841;
			remoteInfo = ledgerAssistant;
		};
		ECB6C7E92F131D88000F1841 /* PBXContainerItemProxy */ = {
			isa = PBXContainerItemProxy;
			containerPortal = ECB6C7C92F131D86000F1841 /* Project object */;
			proxyType = 1;
			remoteGlobalIDString = ECB6C7D02F131D86000F1841;
			remoteInfo = ledgerAssistant;
		};
/* End PBXContainerItemProxy section */

/* Begin PBXFileReference section */
		ECB6C7D12F131D86000F1841 /* ledgerAssistant.app */ = {isa = PBXFileReference; explicitFileType = wrapper.application; includeInIndex = 0; path = ledgerAssistant.app; sourceTree = BUILT_PRODUCTS_DIR; };
		ECB6C7DE2F131D88000F1841 /* ledgerAssistantTests.xctest */ = {isa = PBXFileReference; explicitFileType = wrapper.cfbundle; includeInIndex = 0; path = ledgerAssistantTests.xctest; sourceTree = BUILT_PRODUCTS_DIR; };
		ECB6C7E82F131D88000F1841 /* ledgerAssistantUITests.xctest */ = {isa = PBXFileReference; explicitFileType = wrapper.cfbundle; includeInIndex = 0; path = ledgerAssistantUITests.xctest; sourceTree = BUILT_PRODUCTS_DIR; };
/* End PBXFileReference section */

/* Begin PBXFileSystemSynchronizedRootGroup section */
		ECB6C7D32F131D86000F1841 /* ledgerAssistant */ = {
			isa = PBXFileSystemSynchronizedRootGroup;
			path = ledgerAssistant;
			sourceTree = "<group>";
		};
		ECB6C7E12F131D88000F1841 /* ledgerAssistantTests */ = {
			isa = PBXFileSystemSynchronizedRootGroup;
			path = ledgerAssistantTests;
			sourceTree = "<group>";
		};
		ECB6C7EB2F131D88000F1841 /* ledgerAssistantUITests */ = {
			isa = PBXFileSystemSynchronizedRootGroup;
			path = ledgerAssistantUITests;
			sourceTree = "<group>";
		};
/* End PBXFileSystemSynchronizedRootGroup section */

/* Begin PBXFrameworksBuildPhase section */
		ECB6C7CE2F131D86000F1841 /* Frameworks */ = {
			isa = PBXFrameworksBuildPhase;
			buildActionMask = 2147483647;
			files = (
				ECF323512F16235C00FD5B9D /* PostgREST in Frameworks */,
				ECF3234F2F16235C00FD5B9D /* Functions in Frameworks */,
				ECF323572F16235C00FD5B9D /* Supabase in Frameworks */,
				ECF3234D2F16235C00FD5B9D /* Auth in Frameworks */,
				ECF323552F16235C00FD5B9D /* Storage in Frameworks */,
				ECF323532F16235C00FD5B9D /* Realtime in Frameworks */,
			);
			runOnlyForDeploymentPostprocessing = 0;
		};
		ECB6C7DB2F131D88000F1841 /* Frameworks */ = {
			isa = PBXFrameworksBuildPhase;
			buildActionMask = 2147483647;
			files = (
			);
			runOnlyForDeploymentPostprocessing = 0;
		};
		ECB6C7E52F131D88000F1841 /* Frameworks */ = {
			isa = PBXFrameworksBuildPhase;
			buildActionMask = 2147483647;
			files = (
			);
			runOnlyForDeploymentPostprocessing = 0;
		};
/* End PBXFrameworksBuildPhase section */

/* Begin PBXGroup section */
		ECB6C7C82F131D86000F1841 = {
			isa = PBXGroup;
			children = (
				ECB6C7D32F131D86000F1841 /* ledgerAssistant */,
				ECB6C7E12F131D88000F1841 /* ledgerAssistantTests */,
				ECB6C7EB2F131D88000F1841 /* ledgerAssistantUITests */,
				ECB6C7D22F131D86000F1841 /* Products */,
			);
			sourceTree = "<group>";
		};
		ECB6C7D22F131D86000F1841 /* Products */ = {
			isa = PBXGroup;
			children = (
				ECB6C7D12F131D86000F1841 /* ledgerAssistant.app */,
				ECB6C7DE2F131D88000F1841 /* ledgerAssistantTests.xctest */,
				ECB6C7E82F131D88000F1841 /* ledgerAssistantUITests.xctest */,
			);
			name = Products;
			sourceTree = "<group>";
		};
/* End PBXGroup section */

/* Begin PBXNativeTarget section */
		ECB6C7D02F131D86000F1841 /* ledgerAssistant */ = {
			isa = PBXNativeTarget;
			buildConfigurationList = ECB6C7F22F131D88000F1841 /* Build configuration list for PBXNativeTarget "ledgerAssistant" */;
			buildPhases = (
				ECB6C7CD2F131D86000F1841 /* Sources */,
				ECB6C7CE2F131D86000F1841 /* Frameworks */,
				ECB6C7CF2F131D86000F1841 /* Resources */,
			);
			buildRules = (
			);
			dependencies = (
			);
			fileSystemSynchronizedGroups = (
				ECB6C7D32F131D86000F1841 /* ledgerAssistant */,
			);
			name = ledgerAssistant;
			packageProductDependencies = (
				ECF3234C2F16235C00FD5B9D /* Auth */,
				ECF3234E2F16235C00FD5B9D /* Functions */,
				ECF323502F16235C00FD5B9D /* PostgREST */,
				ECF323522F16235C00FD5B9D /* Realtime */,
				ECF323542F16235C00FD5B9D /* Storage */,
				ECF323562F16235C00FD5B9D /* Supabase */,
			);
			productName = ledgerAssistant;
			productReference = ECB6C7D12F131D86000F1841 /* ledgerAssistant.app */;
			productType = "com.apple.product-type.application";
		};
		ECB6C7DD2F131D88000F1841 /* ledgerAssistantTests */ = {
			isa = PBXNativeTarget;
			buildConfigurationList = ECB6C7F52F131D88000F1841 /* Build configuration list for PBXNativeTarget "ledgerAssistantTests" */;
			buildPhases = (
				ECB6C7DA2F131D88000F1841 /* Sources */,
				ECB6C7DB2F131D88000F1841 /* Frameworks */,
				ECB6C7DC2F131D88000F1841 /* Resources */,
			);
			buildRules = (
			);
			dependencies = (
				ECB6C7E02F131D88000F1841 /* PBXTargetDependency */,
			);
			fileSystemSynchronizedGroups = (
				ECB6C7E12F131D88000F1841 /* ledgerAssistantTests */,
			);
			name = ledgerAssistantTests;
			packageProductDependencies = (
			);
			productName = ledgerAssistantTests;
			productReference = ECB6C7DE2F131D88000F1841 /* ledgerAssistantTests.xctest */;
			productType = "com.apple.product-type.bundle.unit-test";
		};
		ECB6C7E72F131D88000F1841 /* ledgerAssistantUITests */ = {
			isa = PBXNativeTarget;
			buildConfigurationList = ECB6C7F82F131D88000F1841 /* Build configuration list for PBXNativeTarget "ledgerAssistantUITests" */;
			buildPhases = (
				ECB6C7E42F131D88000F1841 /* Sources */,
				ECB6C7E52F131D88000F1841 /* Frameworks */,
				ECB6C7E62F131D88000F1841 /* Resources */,
			);
			buildRules = (
			);
			dependencies = (
				ECB6C7EA2F131D88000F1841 /* PBXTargetDependency */,
			);
			fileSystemSynchronizedGroups = (
				ECB6C7EB2F131D88000F1841 /* ledgerAssistantUITests */,
			);
			name = ledgerAssistantUITests;
			packageProductDependencies = (
			);
			productName = ledgerAssistantUITests;
			productReference = ECB6C7E82F131D88000F1841 /* ledgerAssistantUITests.xctest */;
			productType = "com.apple.product-type.bundle.ui-testing";
		};
/* End PBXNativeTarget section */

/* Begin PBXProject section */
		ECB6C7C92F131D86000F1841 /* Project object */ = {
			isa = PBXProject;
			attributes = {
				BuildIndependentTargetsInParallel = 1;
				LastSwiftUpdateCheck = 2610;
				LastUpgradeCheck = 2610;
				TargetAttributes = {
					ECB6C7D02F131D86000F1841 = {
						CreatedOnToolsVersion = 26.1.1;
					};
					ECB6C7DD2F131D88000F1841 = {
						CreatedOnToolsVersion = 26.1.1;
						TestTargetID = ECB6C7D02F131D86000F1841;
					};
					ECB6C7E72F131D88000F1841 = {
						CreatedOnToolsVersion = 26.1.1;
						TestTargetID = ECB6C7D02F131D86000F1841;
					};
				};
			};
			buildConfigurationList = ECB6C7CC2F131D86000F1841 /* Build configuration list for PBXProject "ledgerAssistant" */;
			developmentRegion = en;
			hasScannedForEncodings = 0;
			knownRegions = (
				en,
				Base,
			);
			mainGroup = ECB6C7C82F131D86000F1841;
			minimizedProjectReferenceProxies = 1;
			packageReferences = (
				ECF3234B2F16230400FD5B9D /* XCRemoteSwiftPackageReference "supabase-swift" */,
			);
			preferredProjectObjectVersion = 77;
			productRefGroup = ECB6C7D22F131D86000F1841 /* Products */;
			projectDirPath = "";
			projectRoot = "";
			targets = (
				ECB6C7D02F131D86000F1841 /* ledgerAssistant */,
				ECB6C7DD2F131D88000F1841 /* ledgerAssistantTests */,
				ECB6C7E72F131D88000F1841 /* ledgerAssistantUITests */,
			);
		};
/* End PBXProject section */

/* Begin PBXResourcesBuildPhase section */
		ECB6C7CF2F131D86000F1841 /* Resources */ = {
			isa = PBXResourcesBuildPhase;
			buildActionMask = 2147483647;
			files = (
			);
			runOnlyForDeploymentPostprocessing = 0;
		};
		ECB6C7DC2F131D88000F1841 /* Resources */ = {
			isa = PBXResourcesBuildPhase;
			buildActionMask = 2147483647;
			files = (
			);
			runOnlyForDeploymentPostprocessing = 0;
		};
		ECB6C7E62F131D88000F1841 /* Resources */ = {
			isa = PBXResourcesBuildPhase;
			buildActionMask = 2147483647;
			files = (
			);
			runOnlyForDeploymentPostprocessing = 0;
		};
/* End PBXResourcesBuildPhase section */

/* Begin PBXSourcesBuildPhase section */
		ECB6C7CD2F131D86000F1841 /* Sources */ = {
			isa = PBXSourcesBuildPhase;
			buildActionMask = 2147483647;
			files = (
			);
			runOnlyForDeploymentPostprocessing = 0;
		};
		ECB6C7DA2F131D88000F1841 /* Sources */ = {
			isa = PBXSourcesBuildPhase;
			buildActionMask = 2147483647;
			files = (
			);
			runOnlyForDeploymentPostprocessing = 0;
		};
		ECB6C7E42F131D88000F1841 /* Sources */ = {
			isa = PBXSourcesBuildPhase;
			buildActionMask = 2147483647;
			files = (
			);
			runOnlyForDeploymentPostprocessing = 0;
		};
/* End PBXSourcesBuildPhase section */

/* Begin PBXTargetDependency section */
		ECB6C7E02F131D88000F1841 /* PBXTargetDependency */ = {
			isa = PBXTargetDependency;
			target = ECB6C7D02F131D86000F1841 /* ledgerAssistant */;
			targetProxy = ECB6C7DF2F131D88000F1841 /* PBXContainerItemProxy */;
		};
		ECB6C7EA2F131D88000F1841 /* PBXTargetDependency */ = {
			isa = PBXTargetDependency;
			target = ECB6C7D02F131D86000F1841 /* ledgerAssistant */;
			targetProxy = ECB6C7E92F131D88000F1841 /* PBXContainerItemProxy */;
		};
/* End PBXTargetDependency section */

/* Begin XCBuildConfiguration section */
		ECB6C7F02F131D88000F1841 /* Debug */ = {
			isa = XCBuildConfiguration;
			buildSettings = {
				ALWAYS_SEARCH_USER_PATHS = NO;
				ASSETCATALOG_COMPILER_GENERATE_SWIFT_ASSET_SYMBOL_EXTENSIONS = YES;
				CLANG_ANALYZER_NONNULL = YES;
				CLANG_ANALYZER_NUMBER_OBJECT_CONVERSION = YES_AGGRESSIVE;
				CLANG_CXX_LANGUAGE_STANDARD = "gnu++20";
				CLANG_ENABLE_MODULES = YES;
				CLANG_ENABLE_OBJC_ARC = YES;
				CLANG_ENABLE_OBJC_WEAK = YES;
				CLANG_WARN_BLOCK_CAPTURE_AUTORELEASING = YES;
				CLANG_WARN_BOOL_CONVERSION = YES;
				CLANG_WARN_COMMA = YES;
				CLANG_WARN_CONSTANT_CONVERSION = YES;
				CLANG_WARN_DEPRECATED_OBJC_IMPLEMENTATIONS = YES;
				CLANG_WARN_DIRECT_OBJC_ISA_USAGE = YES_ERROR;
				CLANG_WARN_DOCUMENTATION_COMMENTS = YES;
				CLANG_WARN_EMPTY_BODY = YES;
				CLANG_WARN_ENUM_CONVERSION = YES;
				CLANG_WARN_INFINITE_RECURSION = YES;
				CLANG_WARN_INT_CONVERSION = YES;
				CLANG_WARN_NON_LITERAL_NULL_CONVERSION = YES;
				CLANG_WARN_OBJC_IMPLICIT_RETAIN_SELF = YES;
				CLANG_WARN_OBJC_LITERAL_CONVERSION = YES;
				CLANG_WARN_OBJC_ROOT_CLASS = YES_ERROR;
				CLANG_WARN_QUOTED_INCLUDE_IN_FRAMEWORK_HEADER = YES;
				CLANG_WARN_RANGE_LOOP_ANALYSIS = YES;
				CLANG_WARN_STRICT_PROTOTYPES = YES;
				CLANG_WARN_SUSPICIOUS_MOVE = YES;
				CLANG_WARN_UNGUARDED_AVAILABILITY = YES_AGGRESSIVE;
				CLANG_WARN_UNREACHABLE_CODE = YES;
				CLANG_WARN__DUPLICATE_METHOD_MATCH = YES;
				COPY_PHASE_STRIP = NO;
				DEBUG_INFORMATION_FORMAT = dwarf;
				DEVELOPMENT_TEAM = GD9579ZT9J;
				ENABLE_STRICT_OBJC_MSGSEND = YES;
				ENABLE_TESTABILITY = YES;
				ENABLE_USER_SCRIPT_SANDBOXING = YES;
				GCC_C_LANGUAGE_STANDARD = gnu17;
				GCC_DYNAMIC_NO_PIC = NO;
				GCC_NO_COMMON_BLOCKS = YES;
				GCC_OPTIMIZATION_LEVEL = 0;
				GCC_PREPROCESSOR_DEFINITIONS = (
					"DEBUG=1",
					"$(inherited)",
				);
				GCC_WARN_64_TO_32_BIT_CONVERSION = YES;
				GCC_WARN_ABOUT_RETURN_TYPE = YES_ERROR;
				GCC_WARN_UNDECLARED_SELECTOR = YES;
				GCC_WARN_UNINITIALIZED_AUTOS = YES_AGGRESSIVE;
				GCC_WARN_UNUSED_FUNCTION = YES;
				GCC_WARN_UNUSED_VARIABLE = YES;
				IPHONEOS_DEPLOYMENT_TARGET = 26.1;
				LOCALIZATION_PREFERS_STRING_CATALOGS = YES;
				MTL_ENABLE_DEBUG_INFO = INCLUDE_SOURCE;
				MTL_FAST_MATH = YES;
				ONLY_ACTIVE_ARCH = YES;
				SDKROOT = iphoneos;
				SWIFT_ACTIVE_COMPILATION_CONDITIONS = "DEBUG $(inherited)";
				SWIFT_OPTIMIZATION_LEVEL = "-Onone";
			};
			name = Debug;
		};
		ECB6C7F12F131D88000F1841 /* Release */ = {
			isa = XCBuildConfiguration;
			buildSettings = {
				ALWAYS_SEARCH_USER_PATHS = NO;
				ASSETCATALOG_COMPILER_GENERATE_SWIFT_ASSET_SYMBOL_EXTENSIONS = YES;
				CLANG_ANALYZER_NONNULL = YES;
				CLANG_ANALYZER_NUMBER_OBJECT_CONVERSION = YES_AGGRESSIVE;
				CLANG_CXX_LANGUAGE_STANDARD = "gnu++20";
				CLANG_ENABLE_MODULES = YES;
				CLANG_ENABLE_OBJC_ARC = YES;
				CLANG_ENABLE_OBJC_WEAK = YES;
				CLANG_WARN_BLOCK_CAPTURE_AUTORELEASING = YES;
				CLANG_WARN_BOOL_CONVERSION = YES;
				CLANG_WARN_COMMA = YES;
				CLANG_WARN_CONSTANT_CONVERSION = YES;
				CLANG_WARN_DEPRECATED_OBJC_IMPLEMENTATIONS = YES;
				CLANG_WARN_DIRECT_OBJC_ISA_USAGE = YES_ERROR;
				CLANG_WARN_DOCUMENTATION_COMMENTS = YES;
				CLANG_WARN_EMPTY_BODY = YES;
				CLANG_WARN_ENUM_CONVERSION = YES;
				CLANG_WARN_INFINITE_RECURSION = YES;
				CLANG_WARN_INT_CONVERSION = YES;
				CLANG_WARN_NON_LITERAL_NULL_CONVERSION = YES;
				CLANG_WARN_OBJC_IMPLICIT_RETAIN_SELF = YES;
				CLANG_WARN_OBJC_LITERAL_CONVERSION = YES;
				CLANG_WARN_OBJC_ROOT_CLASS = YES_ERROR;
				CLANG_WARN_QUOTED_INCLUDE_IN_FRAMEWORK_HEADER = YES;
				CLANG_WARN_RANGE_LOOP_ANALYSIS = YES;
				CLANG_WARN_STRICT_PROTOTYPES = YES;
				CLANG_WARN_SUSPICIOUS_MOVE = YES;
				CLANG_WARN_UNGUARDED_AVAILABILITY = YES_AGGRESSIVE;
				CLANG_WARN_UNREACHABLE_CODE = YES;
				CLANG_WARN__DUPLICATE_METHOD_MATCH = YES;
				COPY_PHASE_STRIP = NO;
				DEBUG_INFORMATION_FORMAT = "dwarf-with-dsym";
				DEVELOPMENT_TEAM = GD9579ZT9J;
				ENABLE_NS_ASSERTIONS = NO;
				ENABLE_STRICT_OBJC_MSGSEND = YES;
				ENABLE_USER_SCRIPT_SANDBOXING = YES;
				GCC_C_LANGUAGE_STANDARD = gnu17;
				GCC_NO_COMMON_BLOCKS = YES;
				GCC_WARN_64_TO_32_BIT_CONVERSION = YES;
				GCC_WARN_ABOUT_RETURN_TYPE = YES_ERROR;
				GCC_WARN_UNDECLARED_SELECTOR = YES;
				GCC_WARN_UNINITIALIZED_AUTOS = YES_AGGRESSIVE;
				GCC_WARN_UNUSED_FUNCTION = YES;
				GCC_WARN_UNUSED_VARIABLE = YES;
				IPHONEOS_DEPLOYMENT_TARGET = 26.1;
				LOCALIZATION_PREFERS_STRING_CATALOGS = YES;
				MTL_ENABLE_DEBUG_INFO = NO;
				MTL_FAST_MATH = YES;
				SDKROOT = iphoneos;
				SWIFT_COMPILATION_MODE = wholemodule;
				VALIDATE_PRODUCT = YES;
			};
			name = Release;
		};
		ECB6C7F32F131D88000F1841 /* Debug */ = {
			isa = XCBuildConfiguration;
			buildSettings = {
				ASSETCATALOG_COMPILER_APPICON_NAME = AppIcon;
				ASSETCATALOG_COMPILER_GLOBAL_ACCENT_COLOR_NAME = AccentColor;
				CODE_SIGN_STYLE = Automatic;
				CURRENT_PROJECT_VERSION = 1;
				DEVELOPMENT_TEAM = GD9579ZT9J;
				ENABLE_PREVIEWS = YES;
				GENERATE_INFOPLIST_FILE = YES;
				INFOPLIST_KEY_CFBundleDisplayName = "帳量人生";
				INFOPLIST_KEY_NSCameraUsageDescription = "需要相機權限以掃描收據";
				INFOPLIST_KEY_NSLocationWhenInUseUsageDescription = "需要定位權限以顯示當前天氣";
				INFOPLIST_KEY_NSMicrophoneUsageDescription = "需要麥克風權限以進行語音輸入";
				INFOPLIST_KEY_NSPhotoLibraryUsageDescription = "需要相簿權限以選擇收據照片";
				INFOPLIST_KEY_NSSpeechRecognitionUsageDescription = "需要語音辨識權限以進行語音記帳";
				INFOPLIST_KEY_UIApplicationSceneManifest_Generation = YES;
				INFOPLIST_KEY_UIApplicationSupportsIndirectInputEvents = YES;
				INFOPLIST_KEY_UILaunchScreen_Generation = YES;
				INFOPLIST_KEY_UISupportedInterfaceOrientations_iPad = UIInterfaceOrientationPortrait;
				INFOPLIST_KEY_UISupportedInterfaceOrientations_iPhone = UIInterfaceOrientationPortrait;
				LD_RUNPATH_SEARCH_PATHS = (
					"$(inherited)",
					"@executable_path/Frameworks",
				);
				MARKETING_VERSION = 1.0;
				PRODUCT_BUNDLE_IDENTIFIER = div.squall.ledgerAssistant;
				PRODUCT_NAME = "$(TARGET_NAME)";
				STRING_CATALOG_GENERATE_SYMBOLS = YES;
				SWIFT_APPROACHABLE_CONCURRENCY = YES;
				SWIFT_DEFAULT_ACTOR_ISOLATION = MainActor;
				SWIFT_EMIT_LOC_STRINGS = YES;
				SWIFT_UPCOMING_FEATURE_MEMBER_IMPORT_VISIBILITY = YES;
				SWIFT_VERSION = 5.0;
				TARGETED_DEVICE_FAMILY = "1,2";
			};
			name = Debug;
		};
		ECB6C7F42F131D88000F1841 /* Release */ = {
			isa = XCBuildConfiguration;
			buildSettings = {
				ASSETCATALOG_COMPILER_APPICON_NAME = AppIcon;
				ASSETCATALOG_COMPILER_GLOBAL_ACCENT_COLOR_NAME = AccentColor;
				CODE_SIGN_STYLE = Automatic;
				CURRENT_PROJECT_VERSION = 1;
				DEVELOPMENT_TEAM = GD9579ZT9J;
				ENABLE_PREVIEWS = YES;
				GENERATE_INFOPLIST_FILE = YES;
				INFOPLIST_KEY_CFBundleDisplayName = "帳量人生";
				INFOPLIST_KEY_NSCameraUsageDescription = "需要相機權限以掃描收據";
				INFOPLIST_KEY_NSLocationWhenInUseUsageDescription = "需要定位權限以顯示當前天氣";
				INFOPLIST_KEY_NSMicrophoneUsageDescription = "需要麥克風權限以進行語音輸入";
				INFOPLIST_KEY_NSPhotoLibraryUsageDescription = "需要相簿權和以選擇收據照片";
				INFOPLIST_KEY_NSSpeechRecognitionUsageDescription = "需要語音辨識權限以進行語音記帳";
				INFOPLIST_KEY_UIApplicationSceneManifest_Generation = YES;
				INFOPLIST_KEY_UIApplicationSupportsIndirectInputEvents = YES;
				INFOPLIST_KEY_UILaunchScreen_Generation = YES;
				INFOPLIST_KEY_UISupportedInterfaceOrientations_iPad = "UIInterfaceOrientationPortrait UIInterfaceOrientationPortraitUpsideDown UIInterfaceOrientationLandscapeLeft UIInterfaceOrientationLandscapeRight";
				INFOPLIST_KEY_UISupportedInterfaceOrientations_iPhone = UIInterfaceOrientationPortrait;
				LD_RUNPATH_SEARCH_PATHS = (
					"$(inherited)",
					"@executable_path/Frameworks",
				);
				MARKETING_VERSION = 1.0;
				PRODUCT_BUNDLE_IDENTIFIER = div.squall.ledgerAssistant;
				PRODUCT_NAME = "$(TARGET_NAME)";
				STRING_CATALOG_GENERATE_SYMBOLS = YES;
				SWIFT_APPROACHABLE_CONCURRENCY = YES;
				SWIFT_DEFAULT_ACTOR_ISOLATION = MainActor;
				SWIFT_EMIT_LOC_STRINGS = YES;
				SWIFT_UPCOMING_FEATURE_MEMBER_IMPORT_VISIBILITY = YES;
				SWIFT_VERSION = 5.0;
				TARGETED_DEVICE_FAMILY = "1,2";
			};
			name = Release;
		};
		ECB6C7F62F131D88000F1841 /* Debug */ = {
			isa = XCBuildConfiguration;
			buildSettings = {
				BUNDLE_LOADER = "$(TEST_HOST)";
				CODE_SIGN_STYLE = Automatic;
				CURRENT_PROJECT_VERSION = 1;
				DEVELOPMENT_TEAM = GD9579ZT9J;
				GENERATE_INFOPLIST_FILE = YES;
				IPHONEOS_DEPLOYMENT_TARGET = 26.1;
				MARKETING_VERSION = 1.0;
				PRODUCT_BUNDLE_IDENTIFIER = div.squall.ledgerAssistantTests;
				PRODUCT_NAME = "$(TARGET_NAME)";
				STRING_CATALOG_GENERATE_SYMBOLS = NO;
				SWIFT_APPROACHABLE_CONCURRENCY = YES;
				SWIFT_EMIT_LOC_STRINGS = NO;
				SWIFT_UPCOMING_FEATURE_MEMBER_IMPORT_VISIBILITY = YES;
				SWIFT_VERSION = 5.0;
				TARGETED_DEVICE_FAMILY = "1,2";
				TEST_HOST = "$(BUILT_PRODUCTS_DIR)/ledgerAssistant.app/$(BUNDLE_EXECUTABLE_FOLDER_PATH)/ledgerAssistant";
			};
			name = Debug;
		};
		ECB6C7F72F131D88000F1841 /* Release */ = {
			isa = XCBuildConfiguration;
			buildSettings = {
				BUNDLE_LOADER = "$(TEST_HOST)";
				CODE_SIGN_STYLE = Automatic;
				CURRENT_PROJECT_VERSION = 1;
				DEVELOPMENT_TEAM = GD9579ZT9J;
				GENERATE_INFOPLIST_FILE = YES;
				IPHONEOS_DEPLOYMENT_TARGET = 26.1;
				MARKETING_VERSION = 1.0;
				PRODUCT_BUNDLE_IDENTIFIER = div.squall.ledgerAssistantTests;
				PRODUCT_NAME = "$(TARGET_NAME)";
				STRING_CATALOG_GENERATE_SYMBOLS = NO;
				SWIFT_APPROACHABLE_CONCURRENCY = YES;
				SWIFT_EMIT_LOC_STRINGS = NO;
				SWIFT_UPCOMING_FEATURE_MEMBER_IMPORT_VISIBILITY = YES;
				SWIFT_VERSION = 5.0;
				TARGETED_DEVICE_FAMILY = "1,2";
				TEST_HOST = "$(BUILT_PRODUCTS_DIR)/ledgerAssistant.app/$(BUNDLE_EXECUTABLE_FOLDER_PATH)/ledgerAssistant";
			};
			name = Release;
		};
		ECB6C7F92F131D88000F1841 /* Debug */ = {
			isa = XCBuildConfiguration;
			buildSettings = {
				CODE_SIGN_STYLE = Automatic;
				CURRENT_PROJECT_VERSION = 1;
				DEVELOPMENT_TEAM = GD9579ZT9J;
				GENERATE_INFOPLIST_FILE = YES;
				MARKETING_VERSION = 1.0;
				PRODUCT_BUNDLE_IDENTIFIER = div.squall.ledgerAssistantUITests;
				PRODUCT_NAME = "$(TARGET_NAME)";
				STRING_CATALOG_GENERATE_SYMBOLS = NO;
				SWIFT_APPROACHABLE_CONCURRENCY = YES;
				SWIFT_EMIT_LOC_STRINGS = NO;
				SWIFT_UPCOMING_FEATURE_MEMBER_IMPORT_VISIBILITY = YES;
				SWIFT_VERSION = 5.0;
				TARGETED_DEVICE_FAMILY = "1,2";
				TEST_TARGET_NAME = ledgerAssistant;
			};
			name = Debug;
		};
		ECB6C7FA2F131D88000F1841 /* Release */ = {
			isa = XCBuildConfiguration;
			buildSettings = {
				CODE_SIGN_STYLE = Automatic;
				CURRENT_PROJECT_VERSION = 1;
				DEVELOPMENT_TEAM = GD9579ZT9J;
				GENERATE_INFOPLIST_FILE = YES;
				MARKETING_VERSION = 1.0;
				PRODUCT_BUNDLE_IDENTIFIER = div.squall.ledgerAssistantUITests;
				PRODUCT_NAME = "$(TARGET_NAME)";
				STRING_CATALOG_GENERATE_SYMBOLS = NO;
				SWIFT_APPROACHABLE_CONCURRENCY = YES;
				SWIFT_EMIT_LOC_STRINGS = NO;
				SWIFT_UPCOMING_FEATURE_MEMBER_IMPORT_VISIBILITY = YES;
				SWIFT_VERSION = 5.0;
				TARGETED_DEVICE_FAMILY = "1,2";
				TEST_TARGET_NAME = ledgerAssistant;
			};
			name = Release;
		};
/* End XCBuildConfiguration section */

/* Begin XCConfigurationList section */
		ECB6C7CC2F131D86000F1841 /* Build configuration list for PBXProject "ledgerAssistant" */ = {
			isa = XCConfigurationList;
			buildConfigurations = (
				ECB6C7F02F131D88000F1841 /* Debug */,
				ECB6C7F12F131D88000F1841 /* Release */,
			);
			defaultConfigurationIsVisible = 0;
			defaultConfigurationName = Release;
		};
		ECB6C7F22F131D88000F1841 /* Build configuration list for PBXNativeTarget "ledgerAssistant" */ = {
			isa = XCConfigurationList;
			buildConfigurations = (
				ECB6C7F32F131D88000F1841 /* Debug */,
				ECB6C7F42F131D88000F1841 /* Release */,
			);
			defaultConfigurationIsVisible = 0;
			defaultConfigurationName = Release;
		};
		ECB6C7F52F131D88000F1841 /* Build configuration list for PBXNativeTarget "ledgerAssistantTests" */ = {
			isa = XCConfigurationList;
			buildConfigurations = (
				ECB6C7F62F131D88000F1841 /* Debug */,
				ECB6C7F72F131D88000F1841 /* Release */,
			);
			defaultConfigurationIsVisible = 0;
			defaultConfigurationName = Release;
		};
		ECB6C7F82F131D88000F1841 /* Build configuration list for PBXNativeTarget "ledgerAssistantUITests" */ = {
			isa = XCConfigurationList;
			buildConfigurations = (
				ECB6C7F92F131D88000F1841 /* Debug */,
				ECB6C7FA2F131D88000F1841 /* Release */,
			);
			defaultConfigurationIsVisible = 0;
			defaultConfigurationName = Release;
		};
/* End XCConfigurationList section */

/* Begin XCRemoteSwiftPackageReference section */
		ECF3234B2F16230400FD5B9D /* XCRemoteSwiftPackageReference "supabase-swift" */ = {
			isa = XCRemoteSwiftPackageReference;
			repositoryURL = "https://github.com/supabase-community/supabase-swift";
			requirement = {
				kind = upToNextMajorVersion;
				minimumVersion = 2.5.1;
			};
		};
/* End XCRemoteSwiftPackageReference section */

/* Begin XCSwiftPackageProductDependency section */
		ECF3234C2F16235C00FD5B9D /* Auth */ = {
			isa = XCSwiftPackageProductDependency;
			package = ECF3234B2F16230400FD5B9D /* XCRemoteSwiftPackageReference "supabase-swift" */;
			productName = Auth;
		};
		ECF3234E2F16235C00FD5B9D /* Functions */ = {
			isa = XCSwiftPackageProductDependency;
			package = ECF3234B2F16230400FD5B9D /* XCRemoteSwiftPackageReference "supabase-swift" */;
			productName = Functions;
		};
		ECF323502F16235C00FD5B9D /* PostgREST */ = {
			isa = XCSwiftPackageProductDependency;
			package = ECF3234B2F16230400FD5B9D /* XCRemoteSwiftPackageReference "supabase-swift" */;
			productName = PostgREST;
		};
		ECF323522F16235C00FD5B9D /* Realtime */ = {
			isa = XCSwiftPackageProductDependency;
			package = ECF3234B2F16230400FD5B9D /* XCRemoteSwiftPackageReference "supabase-swift" */;
			productName = Realtime;
		};
		ECF323542F16235C00FD5B9D /* Storage */ = {
			isa = XCSwiftPackageProductDependency;
			package = ECF3234B2F16230400FD5B9D /* XCRemoteSwiftPackageReference "supabase-swift" */;
			productName = Storage;
		};
		ECF323562F16235C00FD5B9D /* Supabase */ = {
			isa = XCSwiftPackageProductDependency;
			package = ECF3234B2F16230400FD5B9D /* XCRemoteSwiftPackageReference "supabase-swift" */;
			productName = Supabase;
		};
/* End XCSwiftPackageProductDependency section */
	};
	rootObject = ECB6C7C92F131D86000F1841 /* Project object */;
}
